
Microsoft Visual Studio Solution File, Format Version 12.00
# Visual Studio Version 17
VisualStudioVersion = 17.0.32014.148
MinimumVisualStudioVersion = 10.0.40219.1
Project("{9A19103F-16F7-4668-BE54-9A1E7A4F7556}") = "VacationManager", "VacationManager\VacationManager.csproj", "{5DF0C4F8-71EF-4709-BF0E-A0946B64C9C3}"
EndProject
Project("{FAE04EC0-301F-11D3-BF4B-00C04F79EFBC}") = "Server", "Server\Server.csproj", "{7470CF13-DF73-4513-894A-B23F1F0AD2D0}"
EndProject
Global
	GlobalSection(SolutionConfigurationPlatforms) = preSolution
		Debug|Any CPU = Debug|Any CPU
		Release|Any CPU = Release|Any CPU
	EndGlobalSection
	GlobalSection(ProjectConfigurationPlatforms) = postSolution
		{5DF0C4F8-71EF-4709-BF0E-A0946B64C9C3}.Debug|Any CPU.ActiveCfg = Debug|Any CPU
		{5DF0C4F8-71EF-4709-BF0E-A0946B64C9C3}.Debug|Any CPU.Build.0 = Debug|Any CPU
		{5DF0C4F8-71EF-4709-BF0E-A0946B64C9C3}.Release|Any CPU.ActiveCfg = Release|Any CPU
		{5DF0C4F8-71EF-4709-BF0E-A0946B64C9C3}.Release|Any CPU.Build.0 = Release|Any CPU
		{7470CF13-DF73-4513-894A-B23F1F0AD2D0}.Debug|Any CPU.ActiveCfg = Debug|Any CPU
		{7470CF13-DF73-4513-894A-B23F1F0AD2D0}.Debug|Any CPU.Build.0 = Debug|Any CPU
		{7470CF13-DF73-4513-894A-B23F1F0AD2D0}.Release|Any CPU.ActiveCfg = Release|Any CPU
		{7470CF13-DF73-4513-894A-B23F1F0AD2D0}.Release|Any CPU.Build.0 = Release|Any CPU
	EndGlobalSection
	GlobalSection(SolutionProperties) = preSolution
		HideSolutionNode = FALSE
	EndGlobalSection
	GlobalSection(ExtensibilityGlobals) = postSolution
		SolutionGuid = {4F0407CD-18E3-4704-A919-FF2FD942D56E}
	EndGlobalSection
EndGlobal
